
Microsoft Visual Studio Solution File, Format Version 12.00
# Visual Studio Version 17
VisualStudioVersion = 17.14.36705.20 d17.14
MinimumVisualStudioVersion = 10.0.40219.1
Project("{FAE04EC0-301F-11D3-BF4B-00C04F79EFBC}") = "lab2", "lab2\lab2.csproj", "{8F537DAE-0F19-4688-AB30-1739A10468A2}"
EndProject
Project("{FAE04EC0-301F-11D3-BF4B-00C04F79EFBC}") = "ClassLibraryATM", "ClassLibraryATM\ClassLibraryATM.csproj", "{7123FB9E-A749-4E03-9DB5-753FF7C85DA2}"
EndProject
Global
	GlobalSection(SolutionConfigurationPlatforms) = preSolution
		Debug|Any CPU = Debug|Any CPU
		Release|Any CPU = Release|Any CPU
	EndGlobalSection
	GlobalSection(ProjectConfigurationPlatforms) = postSolution
		{8F537DAE-0F19-4688-AB30-1739A10468A2}.Debug|Any CPU.ActiveCfg = Debug|Any CPU
		{8F537DAE-0F19-4688-AB30-1739A10468A2}.Debug|Any CPU.Build.0 = Debug|Any CPU
		{8F537DAE-0F19-4688-AB30-1739A10468A2}.Release|Any CPU.ActiveCfg = Release|Any CPU
		{8F537DAE-0F19-4688-AB30-1739A10468A2}.Release|Any CPU.Build.0 = Release|Any CPU
		{7123FB9E-A749-4E03-9DB5-753FF7C85DA2}.Debug|Any CPU.ActiveCfg = Debug|Any CPU
		{7123FB9E-A749-4E03-9DB5-753FF7C85DA2}.Debug|Any CPU.Build.0 = Debug|Any CPU
		{7123FB9E-A749-4E03-9DB5-753FF7C85DA2}.Release|Any CPU.ActiveCfg = Release|Any CPU
		{7123FB9E-A749-4E03-9DB5-753FF7C85DA2}.Release|Any CPU.Build.0 = Release|Any CPU
	EndGlobalSection
	GlobalSection(SolutionProperties) = preSolution
		HideSolutionNode = FALSE
	EndGlobalSection
	GlobalSection(ExtensibilityGlobals) = postSolution
		SolutionGuid = {CD89EAB7-1CA8-4EC1-9B39-76848BD5ACC0}
	EndGlobalSection
EndGlobal
